
Microsoft Visual Studio Solution File, Format Version 12.00
# Visual Studio 14
VisualStudioVersion = 14.0.25420.1
MinimumVisualStudioVersion = 10.0.40219.1
Project("{FAE04EC0-301F-11D3-BF4B-00C04F79EFBC}") = "MyBookHub", "MyBookHub\MyBookHub\MyBookHub.csproj", "{28A85959-E04A-4329-AED0-FB0E8E88DF9C}"
EndProject
Project("{FAE04EC0-301F-11D3-BF4B-00C04F79EFBC}") = "MyBookHub.Droid", "MyBookHub\MyBookHub.Droid\MyBookHub.Droid.csproj", "{2621A6DC-CE9B-48E3-B7D8-BE224C15941B}"
EndProject
Project("{FAE04EC0-301F-11D3-BF4B-00C04F79EFBC}") = "MyBookHub.iOS", "MyBookHub\MyBookHub.iOS\MyBookHub.iOS.csproj", "{E4F81A7D-D2DB-4A56-B38F-23AE41679D7C}"
EndProject
Global
	GlobalSection(SolutionConfigurationPlatforms) = preSolution
		Ad-Hoc|Any CPU = Ad-Hoc|Any CPU
		Ad-Hoc|ARM = Ad-Hoc|ARM
		Ad-Hoc|iPhone = Ad-Hoc|iPhone
		Ad-Hoc|iPhoneSimulator = Ad-Hoc|iPhoneSimulator
		Ad-Hoc|x64 = Ad-Hoc|x64
		Ad-Hoc|x86 = Ad-Hoc|x86
		AppStore|Any CPU = AppStore|Any CPU
		AppStore|ARM = AppStore|ARM
		AppStore|iPhone = AppStore|iPhone
		AppStore|iPhoneSimulator = AppStore|iPhoneSimulator
		AppStore|x64 = AppStore|x64
		AppStore|x86 = AppStore|x86
		Debug|Any CPU = Debug|Any CPU
		Debug|ARM = Debug|ARM
		Debug|iPhone = Debug|iPhone
		Debug|iPhoneSimulator = Debug|iPhoneSimulator
		Debug|x64 = Debug|x64
		Debug|x86 = Debug|x86
		Release|Any CPU = Release|Any CPU
		Release|ARM = Release|ARM
		Release|iPhone = Release|iPhone
		Release|iPhoneSimulator = Release|iPhoneSimulator
		Release|x64 = Release|x64
		Release|x86 = Release|x86
	EndGlobalSection
	GlobalSection(ProjectConfigurationPlatforms) = postSolution
		{28A85959-E04A-4329-AED0-FB0E8E88DF9C}.Ad-Hoc|Any CPU.ActiveCfg = Release|Any CPU
		{28A85959-E04A-4329-AED0-FB0E8E88DF9C}.Ad-Hoc|Any CPU.Build.0 = Release|Any CPU
		{28A85959-E04A-4329-AED0-FB0E8E88DF9C}.Ad-Hoc|ARM.ActiveCfg = Release|Any CPU
		{28A85959-E04A-4329-AED0-FB0E8E88DF9C}.Ad-Hoc|ARM.Build.0 = Release|Any CPU
		{28A85959-E04A-4329-AED0-FB0E8E88DF9C}.Ad-Hoc|iPhone.ActiveCfg = Release|Any CPU
		{28A85959-E04A-4329-AED0-FB0E8E88DF9C}.Ad-Hoc|iPhone.Build.0 = Release|Any CPU
		{28A85959-E04A-4329-AED0-FB0E8E88DF9C}.Ad-Hoc|iPhoneSimulator.ActiveCfg = Release|Any CPU
		{28A85959-E04A-4329-AED0-FB0E8E88DF9C}.Ad-Hoc|iPhoneSimulator.Build.0 = Release|Any CPU
		{28A85959-E04A-4329-AED0-FB0E8E88DF9C}.Ad-Hoc|x64.ActiveCfg = Release|Any CPU
		{28A85959-E04A-4329-AED0-FB0E8E88DF9C}.Ad-Hoc|x64.Build.0 = Release|Any CPU
		{28A85959-E04A-4329-AED0-FB0E8E88DF9C}.Ad-Hoc|x86.ActiveCfg = Release|Any CPU
		{28A85959-E04A-4329-AED0-FB0E8E88DF9C}.Ad-Hoc|x86.Build.0 = Release|Any CPU
		{28A85959-E04A-4329-AED0-FB0E8E88DF9C}.AppStore|Any CPU.ActiveCfg = Release|Any CPU
		{28A85959-E04A-4329-AED0-FB0E8E88DF9C}.AppStore|Any CPU.Build.0 = Release|Any CPU
		{28A85959-E04A-4329-AED0-FB0E8E88DF9C}.AppStore|ARM.ActiveCfg = Release|Any CPU
		{28A85959-E04A-4329-AED0-FB0E8E88DF9C}.AppStore|ARM.Build.0 = Release|Any CPU
		{28A85959-E04A-4329-AED0-FB0E8E88DF9C}.AppStore|iPhone.ActiveCfg = Release|Any CPU
		{28A85959-E04A-4329-AED0-FB0E8E88DF9C}.AppStore|iPhone.Build.0 = Release|Any CPU
		{28A85959-E04A-4329-AED0-FB0E8E88DF9C}.AppStore|iPhoneSimulator.ActiveCfg = Release|Any CPU
		{28A85959-E04A-4329-AED0-FB0E8E88DF9C}.AppStore|iPhoneSimulator.Build.0 = Release|Any CPU
		{28A85959-E04A-4329-AED0-FB0E8E88DF9C}.AppStore|x64.ActiveCfg = Release|Any CPU
		{28A85959-E04A-4329-AED0-FB0E8E88DF9C}.AppStore|x64.Build.0 = Release|Any CPU
		{28A85959-E04A-4329-AED0-FB0E8E88DF9C}.AppStore|x86.ActiveCfg = Release|Any CPU
		{28A85959-E04A-4329-AED0-FB0E8E88DF9C}.AppStore|x86.Build.0 = Release|Any CPU
		{28A85959-E04A-4329-AED0-FB0E8E88DF9C}.Debug|Any CPU.ActiveCfg = Debug|Any CPU
		{28A85959-E04A-4329-AED0-FB0E8E88DF9C}.Debug|Any CPU.Build.0 = Debug|Any CPU
		{28A85959-E04A-4329-AED0-FB0E8E88DF9C}.Debug|ARM.ActiveCfg = Debug|Any CPU
		{28A85959-E04A-4329-AED0-FB0E8E88DF9C}.Debug|ARM.Build.0 = Debug|Any CPU
		{28A85959-E04A-4329-AED0-FB0E8E88DF9C}.Debug|iPhone.ActiveCfg = Debug|Any CPU
		{28A85959-E04A-4329-AED0-FB0E8E88DF9C}.Debug|iPhone.Build.0 = Debug|Any CPU
		{28A85959-E04A-4329-AED0-FB0E8E88DF9C}.Debug|iPhoneSimulator.ActiveCfg = Debug|Any CPU
		{28A85959-E04A-4329-AED0-FB0E8E88DF9C}.Debug|iPhoneSimulator.Build.0 = Debug|Any CPU
		{28A85959-E04A-4329-AED0-FB0E8E88DF9C}.Debug|x64.ActiveCfg = Debug|Any CPU
		{28A85959-E04A-4329-AED0-FB0E8E88DF9C}.Debug|x64.Build.0 = Debug|Any CPU
		{28A85959-E04A-4329-AED0-FB0E8E88DF9C}.Debug|x86.ActiveCfg = Debug|Any CPU
		{28A85959-E04A-4329-AED0-FB0E8E88DF9C}.Debug|x86.Build.0 = Debug|Any CPU
		{28A85959-E04A-4329-AED0-FB0E8E88DF9C}.Release|Any CPU.ActiveCfg = Release|Any CPU
		{28A85959-E04A-4329-AED0-FB0E8E88DF9C}.Release|Any CPU.Build.0 = Release|Any CPU
		{28A85959-E04A-4329-AED0-FB0E8E88DF9C}.Release|ARM.ActiveCfg = Release|Any CPU
		{28A85959-E04A-4329-AED0-FB0E8E88DF9C}.Release|ARM.Build.0 = Release|Any CPU
		{28A85959-E04A-4329-AED0-FB0E8E88DF9C}.Release|iPhone.ActiveCfg = Release|Any CPU
		{28A85959-E04A-4329-AED0-FB0E8E88DF9C}.Release|iPhone.Build.0 = Release|Any CPU
		{28A85959-E04A-4329-AED0-FB0E8E88DF9C}.Release|iPhoneSimulator.ActiveCfg = Release|Any CPU
		{28A85959-E04A-4329-AED0-FB0E8E88DF9C}.Release|iPhoneSimulator.Build.0 = Release|Any CPU
		{28A85959-E04A-4329-AED0-FB0E8E88DF9C}.Release|x64.ActiveCfg = Release|Any CPU
		{28A85959-E04A-4329-AED0-FB0E8E88DF9C}.Release|x64.Build.0 = Release|Any CPU
		{28A85959-E04A-4329-AED0-FB0E8E88DF9C}.Release|x86.ActiveCfg = Release|Any CPU
		{28A85959-E04A-4329-AED0-FB0E8E88DF9C}.Release|x86.Build.0 = Release|Any CPU
		{2621A6DC-CE9B-48E3-B7D8-BE224C15941B}.Ad-Hoc|Any CPU.ActiveCfg = Release|Any CPU
		{2621A6DC-CE9B-48E3-B7D8-BE224C15941B}.Ad-Hoc|Any CPU.Build.0 = Release|Any CPU
		{2621A6DC-CE9B-48E3-B7D8-BE224C15941B}.Ad-Hoc|Any CPU.Deploy.0 = Release|Any CPU
		{2621A6DC-CE9B-48E3-B7D8-BE224C15941B}.Ad-Hoc|ARM.ActiveCfg = Release|Any CPU
		{2621A6DC-CE9B-48E3-B7D8-BE224C15941B}.Ad-Hoc|ARM.Build.0 = Release|Any CPU
		{2621A6DC-CE9B-48E3-B7D8-BE224C15941B}.Ad-Hoc|ARM.Deploy.0 = Release|Any CPU
		{2621A6DC-CE9B-48E3-B7D8-BE224C15941B}.Ad-Hoc|iPhone.ActiveCfg = Release|Any CPU
		{2621A6DC-CE9B-48E3-B7D8-BE224C15941B}.Ad-Hoc|iPhone.Build.0 = Release|Any CPU
		{2621A6DC-CE9B-48E3-B7D8-BE224C15941B}.Ad-Hoc|iPhone.Deploy.0 = Release|Any CPU
		{2621A6DC-CE9B-48E3-B7D8-BE224C15941B}.Ad-Hoc|iPhoneSimulator.ActiveCfg = Release|Any CPU
		{2621A6DC-CE9B-48E3-B7D8-BE224C15941B}.Ad-Hoc|iPhoneSimulator.Build.0 = Release|Any CPU
		{2621A6DC-CE9B-48E3-B7D8-BE224C15941B}.Ad-Hoc|iPhoneSimulator.Deploy.0 = Release|Any CPU
		{2621A6DC-CE9B-48E3-B7D8-BE224C15941B}.Ad-Hoc|x64.ActiveCfg = Release|Any CPU
		{2621A6DC-CE9B-48E3-B7D8-BE224C15941B}.Ad-Hoc|x64.Build.0 = Release|Any CPU
		{2621A6DC-CE9B-48E3-B7D8-BE224C15941B}.Ad-Hoc|x64.Deploy.0 = Release|Any CPU
		{2621A6DC-CE9B-48E3-B7D8-BE224C15941B}.Ad-Hoc|x86.ActiveCfg = Release|Any CPU
		{2621A6DC-CE9B-48E3-B7D8-BE224C15941B}.Ad-Hoc|x86.Build.0 = Release|Any CPU
		{2621A6DC-CE9B-48E3-B7D8-BE224C15941B}.Ad-Hoc|x86.Deploy.0 = Release|Any CPU
		{2621A6DC-CE9B-48E3-B7D8-BE224C15941B}.AppStore|Any CPU.ActiveCfg = Release|Any CPU
		{2621A6DC-CE9B-48E3-B7D8-BE224C15941B}.AppStore|Any CPU.Build.0 = Release|Any CPU
		{2621A6DC-CE9B-48E3-B7D8-BE224C15941B}.AppStore|Any CPU.Deploy.0 = Release|Any CPU
		{2621A6DC-CE9B-48E3-B7D8-BE224C15941B}.AppStore|ARM.ActiveCfg = Release|Any CPU
		{2621A6DC-CE9B-48E3-B7D8-BE224C15941B}.AppStore|ARM.Build.0 = Release|Any CPU
		{2621A6DC-CE9B-48E3-B7D8-BE224C15941B}.AppStore|ARM.Deploy.0 = Release|Any CPU
		{2621A6DC-CE9B-48E3-B7D8-BE224C15941B}.AppStore|iPhone.ActiveCfg = Release|Any CPU
		{2621A6DC-CE9B-48E3-B7D8-BE224C15941B}.AppStore|iPhone.Build.0 = Release|Any CPU
		{2621A6DC-CE9B-48E3-B7D8-BE224C15941B}.AppStore|iPhone.Deploy.0 = Release|Any CPU
		{2621A6DC-CE9B-48E3-B7D8-BE224C15941B}.AppStore|iPhoneSimulator.ActiveCfg = Release|Any CPU
		{2621A6DC-CE9B-48E3-B7D8-BE224C15941B}.AppStore|iPhoneSimulator.Build.0 = Release|Any CPU
		{2621A6DC-CE9B-48E3-B7D8-BE224C15941B}.AppStore|iPhoneSimulator.Deploy.0 = Release|Any CPU
		{2621A6DC-CE9B-48E3-B7D8-BE224C15941B}.AppStore|x64.ActiveCfg = Release|Any CPU
		{2621A6DC-CE9B-48E3-B7D8-BE224C15941B}.AppStore|x64.Build.0 = Release|Any CPU
		{2621A6DC-CE9B-48E3-B7D8-BE224C15941B}.AppStore|x64.Deploy.0 = Release|Any CPU
		{2621A6DC-CE9B-48E3-B7D8-BE224C15941B}.AppStore|x86.ActiveCfg = Release|Any CPU
		{2621A6DC-CE9B-48E3-B7D8-BE224C15941B}.AppStore|x86.Build.0 = Release|Any CPU
		{2621A6DC-CE9B-48E3-B7D8-BE224C15941B}.AppStore|x86.Deploy.0 = Release|Any CPU
		{2621A6DC-CE9B-48E3-B7D8-BE224C15941B}.Debug|Any CPU.ActiveCfg = Debug|Any CPU
		{2621A6DC-CE9B-48E3-B7D8-BE224C15941B}.Debug|Any CPU.Build.0 = Debug|Any CPU
		{2621A6DC-CE9B-48E3-B7D8-BE224C15941B}.Debug|Any CPU.Deploy.0 = Debug|Any CPU
		{2621A6DC-CE9B-48E3-B7D8-BE224C15941B}.Debug|ARM.ActiveCfg = Debug|Any CPU
		{2621A6DC-CE9B-48E3-B7D8-BE224C15941B}.Debug|ARM.Build.0 = Debug|Any CPU
		{2621A6DC-CE9B-48E3-B7D8-BE224C15941B}.Debug|ARM.Deploy.0 = Debug|Any CPU
		{2621A6DC-CE9B-48E3-B7D8-BE224C15941B}.Debug|iPhone.ActiveCfg = Debug|Any CPU
		{2621A6DC-CE9B-48E3-B7D8-BE224C15941B}.Debug|iPhone.Build.0 = Debug|Any CPU
		{2621A6DC-CE9B-48E3-B7D8-BE224C15941B}.Debug|iPhone.Deploy.0 = Debug|Any CPU
		{2621A6DC-CE9B-48E3-B7D8-BE224C15941B}.Debug|iPhoneSimulator.ActiveCfg = Debug|Any CPU
		{2621A6DC-CE9B-48E3-B7D8-BE224C15941B}.Debug|iPhoneSimulator.Build.0 = Debug|Any CPU
		{2621A6DC-CE9B-48E3-B7D8-BE224C15941B}.Debug|iPhoneSimulator.Deploy.0 = Debug|Any CPU
		{2621A6DC-CE9B-48E3-B7D8-BE224C15941B}.Debug|x64.ActiveCfg = Debug|Any CPU
		{2621A6DC-CE9B-48E3-B7D8-BE224C15941B}.Debug|x64.Build.0 = Debug|Any CPU
		{2621A6DC-CE9B-48E3-B7D8-BE224C15941B}.Debug|x64.Deploy.0 = Debug|Any CPU
		{2621A6DC-CE9B-48E3-B7D8-BE224C15941B}.Debug|x86.ActiveCfg = Debug|Any CPU
		{2621A6DC-CE9B-48E3-B7D8-BE224C15941B}.Debug|x86.Build.0 = Debug|Any CPU
		{2621A6DC-CE9B-48E3-B7D8-BE224C15941B}.Debug|x86.Deploy.0 = Debug|Any CPU
		{2621A6DC-CE9B-48E3-B7D8-BE224C15941B}.Release|Any CPU.ActiveCfg = Release|Any CPU
		{2621A6DC-CE9B-48E3-B7D8-BE224C15941B}.Release|Any CPU.Build.0 = Release|Any CPU
		{2621A6DC-CE9B-48E3-B7D8-BE224C15941B}.Release|Any CPU.Deploy.0 = Release|Any CPU
		{2621A6DC-CE9B-48E3-B7D8-BE224C15941B}.Release|ARM.ActiveCfg = Release|Any CPU
		{2621A6DC-CE9B-48E3-B7D8-BE224C15941B}.Release|ARM.Build.0 = Release|Any CPU
		{2621A6DC-CE9B-48E3-B7D8-BE224C15941B}.Release|ARM.Deploy.0 = Release|Any CPU
		{2621A6DC-CE9B-48E3-B7D8-BE224C15941B}.Release|iPhone.ActiveCfg = Release|Any CPU
		{2621A6DC-CE9B-48E3-B7D8-BE224C15941B}.Release|iPhone.Build.0 = Release|Any CPU
		{2621A6DC-CE9B-48E3-B7D8-BE224C15941B}.Release|iPhone.Deploy.0 = Release|Any CPU
		{2621A6DC-CE9B-48E3-B7D8-BE224C15941B}.Release|iPhoneSimulator.ActiveCfg = Release|Any CPU
		{2621A6DC-CE9B-48E3-B7D8-BE224C15941B}.Release|iPhoneSimulator.Build.0 = Release|Any CPU
		{2621A6DC-CE9B-48E3-B7D8-BE224C15941B}.Release|iPhoneSimulator.Deploy.0 = Release|Any CPU
		{2621A6DC-CE9B-48E3-B7D8-BE224C15941B}.Release|x64.ActiveCfg = Release|Any CPU
		{2621A6DC-CE9B-48E3-B7D8-BE224C15941B}.Release|x64.Build.0 = Release|Any CPU
		{2621A6DC-CE9B-48E3-B7D8-BE224C15941B}.Release|x64.Deploy.0 = Release|Any CPU
		{2621A6DC-CE9B-48E3-B7D8-BE224C15941B}.Release|x86.ActiveCfg = Release|Any CPU
		{2621A6DC-CE9B-48E3-B7D8-BE224C15941B}.Release|x86.Build.0 = Release|Any CPU
		{2621A6DC-CE9B-48E3-B7D8-BE224C15941B}.Release|x86.Deploy.0 = Release|Any CPU
		{E4F81A7D-D2DB-4A56-B38F-23AE41679D7C}.Ad-Hoc|Any CPU.ActiveCfg = Ad-Hoc|iPhone
		{E4F81A7D-D2DB-4A56-B38F-23AE41679D7C}.Ad-Hoc|ARM.ActiveCfg = Ad-Hoc|iPhone
		{E4F81A7D-D2DB-4A56-B38F-23AE41679D7C}.Ad-Hoc|iPhone.ActiveCfg = Ad-Hoc|iPhone
		{E4F81A7D-D2DB-4A56-B38F-23AE41679D7C}.Ad-Hoc|iPhone.Build.0 = Ad-Hoc|iPhone
		{E4F81A7D-D2DB-4A56-B38F-23AE41679D7C}.Ad-Hoc|iPhoneSimulator.ActiveCfg = Ad-Hoc|iPhoneSimulator
		{E4F81A7D-D2DB-4A56-B38F-23AE41679D7C}.Ad-Hoc|iPhoneSimulator.Build.0 = Ad-Hoc|iPhoneSimulator
		{E4F81A7D-D2DB-4A56-B38F-23AE41679D7C}.Ad-Hoc|x64.ActiveCfg = Ad-Hoc|iPhone
		{E4F81A7D-D2DB-4A56-B38F-23AE41679D7C}.Ad-Hoc|x86.ActiveCfg = Ad-Hoc|iPhone
		{E4F81A7D-D2DB-4A56-B38F-23AE41679D7C}.AppStore|Any CPU.ActiveCfg = AppStore|iPhone
		{E4F81A7D-D2DB-4A56-B38F-23AE41679D7C}.AppStore|ARM.ActiveCfg = AppStore|iPhone
		{E4F81A7D-D2DB-4A56-B38F-23AE41679D7C}.AppStore|iPhone.ActiveCfg = AppStore|iPhone
		{E4F81A7D-D2DB-4A56-B38F-23AE41679D7C}.AppStore|iPhone.Build.0 = AppStore|iPhone
		{E4F81A7D-D2DB-4A56-B38F-23AE41679D7C}.AppStore|iPhoneSimulator.ActiveCfg = AppStore|iPhoneSimulator
		{E4F81A7D-D2DB-4A56-B38F-23AE41679D7C}.AppStore|iPhoneSimulator.Build.0 = AppStore|iPhoneSimulator
		{E4F81A7D-D2DB-4A56-B38F-23AE41679D7C}.AppStore|x64.ActiveCfg = AppStore|iPhone
		{E4F81A7D-D2DB-4A56-B38F-23AE41679D7C}.AppStore|x86.ActiveCfg = AppStore|iPhone
		{E4F81A7D-D2DB-4A56-B38F-23AE41679D7C}.Debug|Any CPU.ActiveCfg = Debug|iPhone
		{E4F81A7D-D2DB-4A56-B38F-23AE41679D7C}.Debug|ARM.ActiveCfg = Debug|iPhone
		{E4F81A7D-D2DB-4A56-B38F-23AE41679D7C}.Debug|iPhone.ActiveCfg = Debug|iPhone
		{E4F81A7D-D2DB-4A56-B38F-23AE41679D7C}.Debug|iPhone.Build.0 = Debug|iPhone
		{E4F81A7D-D2DB-4A56-B38F-23AE41679D7C}.Debug|iPhoneSimulator.ActiveCfg = Debug|iPhoneSimulator
		{E4F81A7D-D2DB-4A56-B38F-23AE41679D7C}.Debug|iPhoneSimulator.Build.0 = Debug|iPhoneSimulator
		{E4F81A7D-D2DB-4A56-B38F-23AE41679D7C}.Debug|x64.ActiveCfg = Debug|iPhone
		{E4F81A7D-D2DB-4A56-B38F-23AE41679D7C}.Debug|x86.ActiveCfg = Debug|iPhone
		{E4F81A7D-D2DB-4A56-B38F-23AE41679D7C}.Release|Any CPU.ActiveCfg = Release|iPhone
		{E4F81A7D-D2DB-4A56-B38F-23AE41679D7C}.Release|ARM.ActiveCfg = Release|iPhone
		{E4F81A7D-D2DB-4A56-B38F-23AE41679D7C}.Release|iPhone.ActiveCfg = Release|iPhone
		{E4F81A7D-D2DB-4A56-B38F-23AE41679D7C}.Release|iPhone.Build.0 = Release|iPhone
		{E4F81A7D-D2DB-4A56-B38F-23AE41679D7C}.Release|iPhoneSimulator.ActiveCfg = Release|iPhoneSimulator
		{E4F81A7D-D2DB-4A56-B38F-23AE41679D7C}.Release|iPhoneSimulator.Build.0 = Release|iPhoneSimulator
		{E4F81A7D-D2DB-4A56-B38F-23AE41679D7C}.Release|x64.ActiveCfg = Release|iPhone
		{E4F81A7D-D2DB-4A56-B38F-23AE41679D7C}.Release|x86.ActiveCfg = Release|iPhone
	EndGlobalSection
	GlobalSection(SolutionProperties) = preSolution
		HideSolutionNode = FALSE
	EndGlobalSection
EndGlobal
